
Microsoft Visual Studio Solution File, Format Version 12.00
# Visual Studio 2012
Project("{FAE04EC0-301F-11D3-BF4B-00C04F79EFBC}") = "InspectorSwfTime", "InspectorSwfTime\InspectorSwfTime.csproj", "{E49B1470-12AF-4404-99A1-CAF30921287E}"
EndProject
Project("{FAE04EC0-301F-11D3-BF4B-00C04F79EFBC}") = "InspectorSwfTimeUi", "InspectorSwfTimeUi\InspectorSwfTimeUi.csproj", "{CF3744C2-1F37-4B5A-965F-83CFA2453BC2}"
EndProject
Project("{FAE04EC0-301F-11D3-BF4B-00C04F79EFBC}") = "InspectorSwfTime.Tests", "InspectorSwfTime.Tests\InspectorSwfTime.Tests.csproj", "{08C2997C-75C0-4207-8BD2-0CE3F2CAE3D4}"
EndProject
Global
	GlobalSection(SolutionConfigurationPlatforms) = preSolution
		Debug|Any CPU = Debug|Any CPU
		Release|Any CPU = Release|Any CPU
	EndGlobalSection
	GlobalSection(ProjectConfigurationPlatforms) = postSolution
		{E49B1470-12AF-4404-99A1-CAF30921287E}.Debug|Any CPU.ActiveCfg = Debug|Any CPU
		{E49B1470-12AF-4404-99A1-CAF30921287E}.Debug|Any CPU.Build.0 = Debug|Any CPU
		{E49B1470-12AF-4404-99A1-CAF30921287E}.Release|Any CPU.ActiveCfg = Release|Any CPU
		{E49B1470-12AF-4404-99A1-CAF30921287E}.Release|Any CPU.Build.0 = Release|Any CPU
		{CF3744C2-1F37-4B5A-965F-83CFA2453BC2}.Debug|Any CPU.ActiveCfg = Debug|Any CPU
		{CF3744C2-1F37-4B5A-965F-83CFA2453BC2}.Debug|Any CPU.Build.0 = Debug|Any CPU
		{CF3744C2-1F37-4B5A-965F-83CFA2453BC2}.Release|Any CPU.ActiveCfg = Release|Any CPU
		{CF3744C2-1F37-4B5A-965F-83CFA2453BC2}.Release|Any CPU.Build.0 = Release|Any CPU
		{08C2997C-75C0-4207-8BD2-0CE3F2CAE3D4}.Debug|Any CPU.ActiveCfg = Debug|Any CPU
		{08C2997C-75C0-4207-8BD2-0CE3F2CAE3D4}.Debug|Any CPU.Build.0 = Debug|Any CPU
		{08C2997C-75C0-4207-8BD2-0CE3F2CAE3D4}.Release|Any CPU.ActiveCfg = Release|Any CPU
		{08C2997C-75C0-4207-8BD2-0CE3F2CAE3D4}.Release|Any CPU.Build.0 = Release|Any CPU
	EndGlobalSection
	GlobalSection(SolutionProperties) = preSolution
		HideSolutionNode = FALSE
	EndGlobalSection
EndGlobal
